
Microsoft Visual Studio Solution File, Format Version 12.00
# Visual Studio Version 17
VisualStudioVersion = 17.9.34728.123
MinimumVisualStudioVersion = 10.0.40219.1
Project("{9A19103F-16F7-4668-BE54-9A1E7A4F7556}") = "PinchZoom", "PinchZoom\PinchZoom.csproj", "{CFDF4B0E-24F9-4A41-91C5-768E40FA371B}"
EndProject
Global
	GlobalSection(SolutionConfigurationPlatforms) = preSolution
		Debug|Any CPU = Debug|Any CPU
		Release|Any CPU = Release|Any CPU
	EndGlobalSection
	GlobalSection(ProjectConfigurationPlatforms) = postSolution
		{CFDF4B0E-24F9-4A41-91C5-768E40FA371B}.Debug|Any CPU.ActiveCfg = Debug|Any CPU
		{CFDF4B0E-24F9-4A41-91C5-768E40FA371B}.Debug|Any CPU.Build.0 = Debug|Any CPU
		{CFDF4B0E-24F9-4A41-91C5-768E40FA371B}.Debug|Any CPU.Deploy.0 = Debug|Any CPU
		{CFDF4B0E-24F9-4A41-91C5-768E40FA371B}.Release|Any CPU.ActiveCfg = Release|Any CPU
		{CFDF4B0E-24F9-4A41-91C5-768E40FA371B}.Release|Any CPU.Build.0 = Release|Any CPU
		{CFDF4B0E-24F9-4A41-91C5-768E40FA371B}.Release|Any CPU.Deploy.0 = Release|Any CPU
	EndGlobalSection
	GlobalSection(SolutionProperties) = preSolution
		HideSolutionNode = FALSE
	EndGlobalSection
	GlobalSection(ExtensibilityGlobals) = postSolution
		SolutionGuid = {682074F4-6EC5-46DA-B478-35946A703EA2}
	EndGlobalSection
EndGlobal
